// !$*UTF8*$!
{
	archiveVersion = 1;
	classes = {
	};
	objectVersion = 55;
	objects = {

/* Begin PBXBuildFile section */
		5118119228F5F56400F24548 /* AppDelegate.swift in Sources */ = {isa = PBXBuildFile; fileRef = 5118119128F5F56400F24548 /* AppDelegate.swift */; };
		5118119428F5F56400F24548 /* SceneDelegate.swift in Sources */ = {isa = PBXBuildFile; fileRef = 5118119328F5F56400F24548 /* SceneDelegate.swift */; };
		5118119628F5F56400F24548 /* ViewController.swift in Sources */ = {isa = PBXBuildFile; fileRef = 5118119528F5F56400F24548 /* ViewController.swift */; };
		5118119928F5F56400F24548 /* Main.storyboard in Resources */ = {isa = PBXBuildFile; fileRef = 5118119728F5F56400F24548 /* Main.storyboard */; };
		5118119B28F5F56600F24548 /* Assets.xcassets in Resources */ = {isa = PBXBuildFile; fileRef = 5118119A28F5F56600F24548 /* Assets.xcassets */; };
		5118119E28F5F56600F24548 /* LaunchScreen.storyboard in Resources */ = {isa = PBXBuildFile; fileRef = 5118119C28F5F56600F24548 /* LaunchScreen.storyboard */; };
		B8BC1A000C54B2323580844B /* Pods_NudityTest.framework in Frameworks */ = {isa = PBXBuildFile; fileRef = CD7DFD6F57552D1793F9FDD9 /* Pods_NudityTest.framework */; };
/* End PBXBuildFile section */

/* Begin PBXFileReference section */
		387587C66DF923357486D2CB /* Pods-NudityTest.debug.xcconfig */ = {isa = PBXFileReference; includeInIndex = 1; lastKnownFileType = text.xcconfig; name = "Pods-NudityTest.debug.xcconfig"; path = "Target Support Files/Pods-NudityTest/Pods-NudityTest.debug.xcconfig"; sourceTree = "<group>"; };
		50C522BFDC6555EBFE688973 /* Pods-NudityTest.release.xcconfig */ = {isa = PBXFileReference; includeInIndex = 1; lastKnownFileType = text.xcconfig; name = "Pods-NudityTest.release.xcconfig"; path = "Target Support Files/Pods-NudityTest/Pods-NudityTest.release.xcconfig"; sourceTree = "<group>"; };
		5118118E28F5F56400F24548 /* NudityTest.app */ = {isa = PBXFileReference; explicitFileType = wrapper.application; includeInIndex = 0; path = NudityTest.app; sourceTree = BUILT_PRODUCTS_DIR; };
		5118119128F5F56400F24548 /* AppDelegate.swift */ = {isa = PBXFileReference; lastKnownFileType = sourcecode.swift; path = AppDelegate.swift; sourceTree = "<group>"; };
		5118119328F5F56400F24548 /* SceneDelegate.swift */ = {isa = PBXFileReference; lastKnownFileType = sourcecode.swift; path = SceneDelegate.swift; sourceTree = "<group>"; };
		5118119528F5F56400F24548 /* ViewController.swift */ = {isa = PBXFileReference; lastKnownFileType = sourcecode.swift; path = ViewController.swift; sourceTree = "<group>"; };
		5118119828F5F56400F24548 /* Base */ = {isa = PBXFileReference; lastKnownFileType = file.storyboard; name = Base; path = Base.lproj/Main.storyboard; sourceTree = "<group>"; };
		5118119A28F5F56600F24548 /* Assets.xcassets */ = {isa = PBXFileReference; lastKnownFileType = folder.assetcatalog; path = Assets.xcassets; sourceTree = "<group>"; };
		5118119D28F5F56600F24548 /* Base */ = {isa = PBXFileReference; lastKnownFileType = file.storyboard; name = Base; path = Base.lproj/LaunchScreen.storyboard; sourceTree = "<group>"; };
		5118119F28F5F56600F24548 /* Info.plist */ = {isa = PBXFileReference; lastKnownFileType = text.plist.xml; path = Info.plist; sourceTree = "<group>"; };
		CD7DFD6F57552D1793F9FDD9 /* Pods_NudityTest.framework */ = {isa = PBXFileReference; explicitFileType = wrapper.framework; includeInIndex = 0; path = Pods_NudityTest.framework; sourceTree = BUILT_PRODUCTS_DIR; };
/* End PBXFileReference section */

/* Begin PBXFrameworksBuildPhase section */
		5118118B28F5F56400F24548 /* Frameworks */ = {
			isa = PBXFrameworksBuildPhase;
			buildActionMask = 2147483647;
			files = (
				B8BC1A000C54B2323580844B /* Pods_NudityTest.framework in Frameworks */,
			);
			runOnlyForDeploymentPostprocessing = 0;
		};
/* End PBXFrameworksBuildPhase section */

/* Begin PBXGroup section */
		08A421FF70DF954CE15E47EB /* Frameworks */ = {
			isa = PBXGroup;
			children = (
				CD7DFD6F57552D1793F9FDD9 /* Pods_NudityTest.framework */,
			);
			name = Frameworks;
			sourceTree = "<group>";
		};
		5118118528F5F56400F24548 = {
			isa = PBXGroup;
			children = (
				5118119028F5F56400F24548 /* NudityTest */,
				5118118F28F5F56400F24548 /* Products */,
				B9071DC75A42A21B6CB74637 /* Pods */,
				08A421FF70DF954CE15E47EB /* Frameworks */,
			);
			sourceTree = "<group>";
		};
		5118118F28F5F56400F24548 /* Products */ = {
			isa = PBXGroup;
			children = (
				5118118E28F5F56400F24548 /* NudityTest.app */,
			);
			name = Products;
			sourceTree = "<group>";
		};
		5118119028F5F56400F24548 /* NudityTest */ = {
			isa = PBXGroup;
			children = (
				5118119128F5F56400F24548 /* AppDelegate.swift */,
				5118119328F5F56400F24548 /* SceneDelegate.swift */,
				5118119528F5F56400F24548 /* ViewController.swift */,
				5118119728F5F56400F24548 /* Main.storyboard */,
				5118119A28F5F56600F24548 /* Assets.xcassets */,
				5118119C28F5F56600F24548 /* LaunchScreen.storyboard */,
				5118119F28F5F56600F24548 /* Info.plist */,
			);
			path = NudityTest;
			sourceTree = "<group>";
		};
		B9071DC75A42A21B6CB74637 /* Pods */ = {
			isa = PBXGroup;
			children = (
				387587C66DF923357486D2CB /* Pods-NudityTest.debug.xcconfig */,
				50C522BFDC6555EBFE688973 /* Pods-NudityTest.release.xcconfig */,
			);
			path = Pods;
			sourceTree = "<group>";
		};
/* End PBXGroup section */

/* Begin PBXNativeTarget section */
		5118118D28F5F56400F24548 /* NudityTest */ = {
			isa = PBXNativeTarget;
			buildConfigurationList = 511811A228F5F56600F24548 /* Build configuration list for PBXNativeTarget "NudityTest" */;
			buildPhases = (
				8A0E3BE1E20F42B7EE407809 /* [CP] Check Pods Manifest.lock */,
				5118118A28F5F56400F24548 /* Sources */,
				5118118B28F5F56400F24548 /* Frameworks */,
				5118118C28F5F56400F24548 /* Resources */,
				4D06FFBDD11BE5F6220D46F0 /* [CP] Embed Pods Frameworks */,
			);
			buildRules = (
			);
			dependencies = (
			);
			name = NudityTest;
			productName = NudityTest;
			productReference = 5118118E28F5F56400F24548 /* NudityTest.app */;
			productType = "com.apple.product-type.application";
		};
/* End PBXNativeTarget section */

/* Begin PBXProject section */
		5118118628F5F56400F24548 /* Project object */ = {
			isa = PBXProject;
			attributes = {
				BuildIndependentTargetsInParallel = 1;
				LastSwiftUpdateCheck = 1400;
				LastUpgradeCheck = 1400;
				TargetAttributes = {
					5118118D28F5F56400F24548 = {
						CreatedOnToolsVersion = 14.0;
					};
				};
			};
			buildConfigurationList = 5118118928F5F56400F24548 /* Build configuration list for PBXProject "NudityTest" */;
			compatibilityVersion = "Xcode 13.0";
			developmentRegion = en;
			hasScannedForEncodings = 0;
			knownRegions = (
				en,
				Base,
			);
			mainGroup = 5118118528F5F56400F24548;
			productRefGroup = 5118118F28F5F56400F24548 /* Products */;
			projectDirPath = "";
			projectRoot = "";
			targets = (
				5118118D28F5F56400F24548 /* NudityTest */,
			);
		};
/* End PBXProject section */

/* Begin PBXResourcesBuildPhase section */
		5118118C28F5F56400F24548 /* Resources */ = {
			isa = PBXResourcesBuildPhase;
			buildActionMask = 2147483647;
			files = (
				5118119E28F5F56600F24548 /* LaunchScreen.storyboard in Resources */,
				5118119B28F5F56600F24548 /* Assets.xcassets in Resources */,
				5118119928F5F56400F24548 /* Main.storyboard in Resources */,
			);
			runOnlyForDeploymentPostprocessing = 0;
		};
/* End PBXResourcesBuildPhase section */

/* Begin PBXShellScriptBuildPhase section */
		4D06FFBDD11BE5F6220D46F0 /* [CP] Embed Pods Frameworks */ = {
			isa = PBXShellScriptBuildPhase;
			buildActionMask = 2147483647;
			files = (
			);
			inputFileListPaths = (
				"${PODS_ROOT}/Target Support Files/Pods-NudityTest/Pods-NudityTest-frameworks-${CONFIGURATION}-input-files.xcfilelist",
			);
			name = "[CP] Embed Pods Frameworks";
			outputFileListPaths = (
				"${PODS_ROOT}/Target Support Files/Pods-NudityTest/Pods-NudityTest-frameworks-${CONFIGURATION}-output-files.xcfilelist",
			);
			runOnlyForDeploymentPostprocessing = 0;
			shellPath = /bin/sh;
			shellScript = "\"${PODS_ROOT}/Target Support Files/Pods-NudityTest/Pods-NudityTest-frameworks.sh\"\n";
			showEnvVarsInLog = 0;
		};
		8A0E3BE1E20F42B7EE407809 /* [CP] Check Pods Manifest.lock */ = {
			isa = PBXShellScriptBuildPhase;
			buildActionMask = 2147483647;
			files = (
			);
			inputFileListPaths = (
			);
			inputPaths = (
				"${PODS_PODFILE_DIR_PATH}/Podfile.lock",
				"${PODS_ROOT}/Manifest.lock",
			);
			name = "[CP] Check Pods Manifest.lock";
			outputFileListPaths = (
			);
			outputPaths = (
				"$(DERIVED_FILE_DIR)/Pods-NudityTest-checkManifestLockResult.txt",
			);
			runOnlyForDeploymentPostprocessing = 0;
			shellPath = /bin/sh;
			shellScript = "diff \"${PODS_PODFILE_DIR_PATH}/Podfile.lock\" \"${PODS_ROOT}/Manifest.lock\" > /dev/null\nif [ $? != 0 ] ; then\n    # print error to STDERR\n    echo \"error: The sandbox is not in sync with the Podfile.lock. Run 'pod install' or update your CocoaPods installation.\" >&2\n    exit 1\nfi\n# This output is used by Xcode 'outputs' to avoid re-running this script phase.\necho \"SUCCESS\" > \"${SCRIPT_OUTPUT_FILE_0}\"\n";
			showEnvVarsInLog = 0;
		};
/* End PBXShellScriptBuildPhase section */

/* Begin PBXSourcesBuildPhase section */
		5118118A28F5F56400F24548 /* Sources */ = {
			isa = PBXSourcesBuildPhase;
			buildActionMask = 2147483647;
			files = (
				5118119628F5F56400F24548 /* ViewController.swift in Sources */,
				5118119228F5F56400F24548 /* AppDelegate.swift in Sources */,
				5118119428F5F56400F24548 /* SceneDelegate.swift in Sources */,
			);
			runOnlyForDeploymentPostprocessing = 0;
		};
/* End PBXSourcesBuildPhase section */

/* Begin PBXVariantGroup section */
		5118119728F5F56400F24548 /* Main.storyboard */ = {
			isa = PBXVariantGroup;
			children = (
				5118119828F5F56400F24548 /* Base */,
			);
			name = Main.storyboard;
			sourceTree = "<group>";
		};
		5118119C28F5F56600F24548 /* LaunchScreen.storyboard */ = {
			isa = PBXVariantGroup;
			children = (
				5118119D28F5F56600F24548 /* Base */,
			);
			name = LaunchScreen.storyboard;
			sourceTree = "<group>";
		};
/* End PBXVariantGroup section */

/* Begin XCBuildConfiguration section */
		511811A028F5F56600F24548 /* Debug */ = {
			isa = XCBuildConfiguration;
			buildSettings = {
				ALWAYS_SEARCH_USER_PATHS = NO;
				CLANG_ANALYZER_NONNULL = YES;
				CLANG_ANALYZER_NUMBER_OBJECT_CONVERSION = YES_AGGRESSIVE;
				CLANG_CXX_LANGUAGE_STANDARD = "gnu++20";
				CLANG_ENABLE_MODULES = YES;
				CLANG_ENABLE_OBJC_ARC = YES;
				CLANG_ENABLE_OBJC_WEAK = YES;
				CLANG_WARN_BLOCK_CAPTURE_AUTORELEASING = YES;
				CLANG_WARN_BOOL_CONVERSION = YES;
				CLANG_WARN_COMMA = YES;
				CLANG_WARN_CONSTANT_CONVERSION = YES;
				CLANG_WARN_DEPRECATED_OBJC_IMPLEMENTATIONS = YES;
				CLANG_WARN_DIRECT_OBJC_ISA_USAGE = YES_ERROR;
				CLANG_WARN_DOCUMENTATION_COMMENTS = YES;
				CLANG_WARN_EMPTY_BODY = YES;
				CLANG_WARN_ENUM_CONVERSION = YES;
				CLANG_WARN_INFINITE_RECURSION = YES;
				CLANG_WARN_INT_CONVERSION = YES;
				CLANG_WARN_NON_LITERAL_NULL_CONVERSION = YES;
				CLANG_WARN_OBJC_IMPLICIT_RETAIN_SELF = YES;
				CLANG_WARN_OBJC_LITERAL_CONVERSION = YES;
				CLANG_WARN_OBJC_ROOT_CLASS = YES_ERROR;
				CLANG_WARN_QUOTED_INCLUDE_IN_FRAMEWORK_HEADER = YES;
				CLANG_WARN_RANGE_LOOP_ANALYSIS = YES;
				CLANG_WARN_STRICT_PROTOTYPES = YES;
				CLANG_WARN_SUSPICIOUS_MOVE = YES;
				CLANG_WARN_UNGUARDED_AVAILABILITY = YES_AGGRESSIVE;
				CLANG_WARN_UNREACHABLE_CODE = YES;
				CLANG_WARN__DUPLICATE_METHOD_MATCH = YES;
				COPY_PHASE_STRIP = NO;
				DEBUG_INFORMATION_FORMAT = dwarf;
				ENABLE_STRICT_OBJC_MSGSEND = YES;
				ENABLE_TESTABILITY = YES;
				GCC_C_LANGUAGE_STANDARD = gnu11;
				GCC_DYNAMIC_NO_PIC = NO;
				GCC_NO_COMMON_BLOCKS = YES;
				GCC_OPTIMIZATION_LEVEL = 0;
				GCC_PREPROCESSOR_DEFINITIONS = (
					"DEBUG=1",
					"$(inherited)",
				);
				GCC_WARN_64_TO_32_BIT_CONVERSION = YES;
				GCC_WARN_ABOUT_RETURN_TYPE = YES_ERROR;
				GCC_WARN_UNDECLARED_SELECTOR = YES;
				GCC_WARN_UNINITIALIZED_AUTOS = YES_AGGRESSIVE;
				GCC_WARN_UNUSED_FUNCTION = YES;
				GCC_WARN_UNUSED_VARIABLE = YES;
				IPHONEOS_DEPLOYMENT_TARGET = 14.0;
				MTL_ENABLE_DEBUG_INFO = INCLUDE_SOURCE;
				MTL_FAST_MATH = YES;
				ONLY_ACTIVE_ARCH = YES;
				SDKROOT = iphoneos;
				SWIFT_ACTIVE_COMPILATION_CONDITIONS = DEBUG;
				SWIFT_OPTIMIZATION_LEVEL = "-Onone";
			};
			name = Debug;
		};
		511811A128F5F56600F24548 /* Release */ = {
			isa = XCBuildConfiguration;
			buildSettings = {
				ALWAYS_SEARCH_USER_PATHS = NO;
				CLANG_ANALYZER_NONNULL = YES;
				CLANG_ANALYZER_NUMBER_OBJECT_CONVERSION = YES_AGGRESSIVE;
				CLANG_CXX_LANGUAGE_STANDARD = "gnu++20";
				CLANG_ENABLE_MODULES = YES;
				CLANG_ENABLE_OBJC_ARC = YES;
				CLANG_ENABLE_OBJC_WEAK = YES;
				CLANG_WARN_BLOCK_CAPTURE_AUTORELEASING = YES;
				CLANG_WARN_BOOL_CONVERSION = YES;
				CLANG_WARN_COMMA = YES;
				CLANG_WARN_CONSTANT_CONVERSION = YES;
				CLANG_WARN_DEPRECATED_OBJC_IMPLEMENTATIONS = YES;
				CLANG_WARN_DIRECT_OBJC_ISA_USAGE = YES_ERROR;
				CLANG_WARN_DOCUMENTATION_COMMENTS = YES;
				CLANG_WARN_EMPTY_BODY = YES;
				CLANG_WARN_ENUM_CONVERSION = YES;
				CLANG_WARN_INFINITE_RECURSION = YES;
				CLANG_WARN_INT_CONVERSION = YES;
				CLANG_WARN_NON_LITERAL_NULL_CONVERSION = YES;
				CLANG_WARN_OBJC_IMPLICIT_RETAIN_SELF = YES;
				CLANG_WARN_OBJC_LITERAL_CONVERSION = YES;
				CLANG_WARN_OBJC_ROOT_CLASS = YES_ERROR;
				CLANG_WARN_QUOTED_INCLUDE_IN_FRAMEWORK_HEADER = YES;
				CLANG_WARN_RANGE_LOOP_ANALYSIS = YES;
				CLANG_WARN_STRICT_PROTOTYPES = YES;
				CLANG_WARN_SUSPICIOUS_MOVE = YES;
				CLANG_WARN_UNGUARDED_AVAILABILITY = YES_AGGRESSIVE;
				CLANG_WARN_UNREACHABLE_CODE = YES;
				CLANG_WARN__DUPLICATE_METHOD_MATCH = YES;
				COPY_PHASE_STRIP = NO;
				DEBUG_INFORMATION_FORMAT = "dwarf-with-dsym";
				ENABLE_NS_ASSERTIONS = NO;
				ENABLE_STRICT_OBJC_MSGSEND = YES;
				GCC_C_LANGUAGE_STANDARD = gnu11;
				GCC_NO_COMMON_BLOCKS = YES;
				GCC_WARN_64_TO_32_BIT_CONVERSION = YES;
				GCC_WARN_ABOUT_RETURN_TYPE = YES_ERROR;
				GCC_WARN_UNDECLARED_SELECTOR = YES;
				GCC_WARN_UNINITIALIZED_AUTOS = YES_AGGRESSIVE;
				GCC_WARN_UNUSED_FUNCTION = YES;
				GCC_WARN_UNUSED_VARIABLE = YES;
				IPHONEOS_DEPLOYMENT_TARGET = 14.0;
				MTL_ENABLE_DEBUG_INFO = NO;
				MTL_FAST_MATH = YES;
				SDKROOT = iphoneos;
				SWIFT_COMPILATION_MODE = wholemodule;
				SWIFT_OPTIMIZATION_LEVEL = "-O";
				VALIDATE_PRODUCT = YES;
			};
			name = Release;
		};
		511811A328F5F56600F24548 /* Debug */ = {
			isa = XCBuildConfiguration;
			baseConfigurationReference = 387587C66DF923357486D2CB /* Pods-NudityTest.debug.xcconfig */;
			buildSettings = {
				ASSETCATALOG_COMPILER_APPICON_NAME = AppIcon;
				ASSETCATALOG_COMPILER_GLOBAL_ACCENT_COLOR_NAME = AccentColor;
				CODE_SIGN_STYLE = Automatic;
				CURRENT_PROJECT_VERSION = 1;
				DEVELOPMENT_TEAM = 8FNYAR5ABD;
				GENERATE_INFOPLIST_FILE = YES;
				INFOPLIST_FILE = NudityTest/Info.plist;
				INFOPLIST_KEY_NSCameraUsageDescription = "To Pick a picture for our test";
				INFOPLIST_KEY_UIApplicationSupportsIndirectInputEvents = YES;
				INFOPLIST_KEY_UILaunchStoryboardName = LaunchScreen;
				INFOPLIST_KEY_UIMainStoryboardFile = Main;
				INFOPLIST_KEY_UISupportedInterfaceOrientations_iPad = "UIInterfaceOrientationPortrait UIInterfaceOrientationPortraitUpsideDown UIInterfaceOrientationLandscapeLeft UIInterfaceOrientationLandscapeRight";
				INFOPLIST_KEY_UISupportedInterfaceOrientations_iPhone = "UIInterfaceOrientationPortrait UIInterfaceOrientationLandscapeLeft UIInterfaceOrientationLandscapeRight";
				IPHONEOS_DEPLOYMENT_TARGET = 14.0;
				LD_RUNPATH_SEARCH_PATHS = (
					"$(inherited)",
					"@executable_path/Frameworks",
				);
				MARKETING_VERSION = 1.0;
				PRODUCT_BUNDLE_IDENTIFIER = me.tangerineNudeFilter.NudityTest;
				PRODUCT_NAME = "$(TARGET_NAME)";
				SWIFT_EMIT_LOC_STRINGS = YES;
				SWIFT_VERSION = 5.0;
				TARGETED_DEVICE_FAMILY = "1,2";
			};
			name = Debug;
		};
		511811A428F5F56600F24548 /* Release */ = {
			isa = XCBuildConfiguration;
			baseConfigurationReference = 50C522BFDC6555EBFE688973 /* Pods-NudityTest.release.xcconfig */;
			buildSettings = {
				ASSETCATALOG_COMPILER_APPICON_NAME = AppIcon;
				ASSETCATALOG_COMPILER_GLOBAL_ACCENT_COLOR_NAME = AccentColor;
				CODE_SIGN_STYLE = Automatic;
				CURRENT_PROJECT_VERSION = 1;
				DEVELOPMENT_TEAM = 8FNYAR5ABD;
				GENERATE_INFOPLIST_FILE = YES;
				INFOPLIST_FILE = NudityTest/Info.plist;
				INFOPLIST_KEY_NSCameraUsageDescription = "To Pick a picture for our test";
				INFOPLIST_KEY_UIApplicationSupportsIndirectInputEvents = YES;
				INFOPLIST_KEY_UILaunchStoryboardName = LaunchScreen;
				INFOPLIST_KEY_UIMainStoryboardFile = Main;
				INFOPLIST_KEY_UISupportedInterfaceOrientations_iPad = "UIInterfaceOrientationPortrait UIInterfaceOrientationPortraitUpsideDown UIInterfaceOrientationLandscapeLeft UIInterfaceOrientationLandscapeRight";
				INFOPLIST_KEY_UISupportedInterfaceOrientations_iPhone = "UIInterfaceOrientationPortrait UIInterfaceOrientationLandscapeLeft UIInterfaceOrientationLandscapeRight";
				IPHONEOS_DEPLOYMENT_TARGET = 14.0;
				LD_RUNPATH_SEARCH_PATHS = (
					"$(inherited)",
					"@executable_path/Frameworks",
				);
				MARKETING_VERSION = 1.0;
				PRODUCT_BUNDLE_IDENTIFIER = me.tangerineNudeFilter.NudityTest;
				PRODUCT_NAME = "$(TARGET_NAME)";
				SWIFT_EMIT_LOC_STRINGS = YES;
				SWIFT_VERSION = 5.0;
				TARGETED_DEVICE_FAMILY = "1,2";
			};
			name = Release;
		};
/* End XCBuildConfiguration section */

/* Begin XCConfigurationList section */
		5118118928F5F56400F24548 /* Build configuration list for PBXProject "NudityTest" */ = {
			isa = XCConfigurationList;
			buildConfigurations = (
				511811A028F5F56600F24548 /* Debug */,
				511811A128F5F56600F24548 /* Release */,
			);
			defaultConfigurationIsVisible = 0;
			defaultConfigurationName = Release;
		};
		511811A228F5F56600F24548 /* Build configuration list for PBXNativeTarget "NudityTest" */ = {
			isa = XCConfigurationList;
			buildConfigurations = (
				511811A328F5F56600F24548 /* Debug */,
				511811A428F5F56600F24548 /* Release */,
			);
			defaultConfigurationIsVisible = 0;
			defaultConfigurationName = Release;
		};
/* End XCConfigurationList section */
	};
	rootObject = 5118118628F5F56400F24548 /* Project object */;
}
